
Microsoft Visual Studio Solution File, Format Version 12.00
# Visual Studio 15
VisualStudioVersion = 15.0.28307.421
MinimumVisualStudioVersion = 10.0.40219.1
Project("{FAE04EC0-301F-11D3-BF4B-00C04F79EFBC}") = "MSpaceInvaders", "MSpaceInvaders\MSpaceInvaders.csproj", "{B699720A-4D8C-4AF4-B50B-C6EB33669DAA}"
EndProject
Global
	GlobalSection(SolutionConfigurationPlatforms) = preSolution
		Debug|Any CPU = Debug|Any CPU
		Release|Any CPU = Release|Any CPU
	EndGlobalSection
	GlobalSection(ProjectConfigurationPlatforms) = postSolution
		{B699720A-4D8C-4AF4-B50B-C6EB33669DAA}.Debug|Any CPU.ActiveCfg = Debug|Any CPU
		{B699720A-4D8C-4AF4-B50B-C6EB33669DAA}.Debug|Any CPU.Build.0 = Debug|Any CPU
		{B699720A-4D8C-4AF4-B50B-C6EB33669DAA}.Release|Any CPU.ActiveCfg = Release|Any CPU
		{B699720A-4D8C-4AF4-B50B-C6EB33669DAA}.Release|Any CPU.Build.0 = Release|Any CPU
	EndGlobalSection
	GlobalSection(SolutionProperties) = preSolution
		HideSolutionNode = FALSE
	EndGlobalSection
	GlobalSection(ExtensibilityGlobals) = postSolution
		SolutionGuid = {98A2CCB6-8B76-4831-A8FD-C06887989192}
	EndGlobalSection
EndGlobal
